{
  "name": "prototype1",
  "version": "1.0.0",
  "lockfileVersion": 1,
  "requires": true,
  "dependencies": {
    "bootstrap": {
      "version": "https://registry.npmjs.org/bootstrap/-/bootstrap-4.0.0-beta.tgz",
      "integrity": "sha1-3FkoF10ucTELxmjPngWpByEbcqY="
    },
    "bootstrap-vue": {
      "version": "https://registry.npmjs.org/bootstrap-vue/-/bootstrap-vue-1.0.0-beta.9.tgz",
      "integrity": "sha1-TgvFvLlakNw77HEk6j3fXMTG/6Y=",
      "requires": {
        "bootstrap": "https://registry.npmjs.org/bootstrap/-/bootstrap-4.0.0-beta.tgz"
      }
    },
    "jquery": {
      "version": "https://registry.npmjs.org/jquery/-/jquery-3.2.1.tgz",
      "integrity": "sha1-XE2d5lKvbNCncBVKYxu6ErAVx4c="
    },
    "popper.js": {
      "version": "https://registry.npmjs.org/popper.js/-/popper.js-1.12.5.tgz",
      "integrity": "sha1-Ip5N6gFinh8aHiaZH/reUCQiD6Y="
    },
    "vue": {
      "version": "https://registry.npmjs.org/vue/-/vue-2.4.4.tgz",
      "integrity": "sha1-6pVQuWpxRl/SuLF7YWc7NWGGF4k="
    }
  }
}
